
Microsoft Visual Studio Solution File, Format Version 12.00
# Visual Studio Version 17
VisualStudioVersion = 17.3.32901.215
MinimumVisualStudioVersion = 10.0.40219.1
Project("{9A19103F-16F7-4668-BE54-9A1E7A4F7556}") = "T5", "T5\T5.csproj", "{092DFCBB-AAB5-41C4-92B5-01F20773E61C}"
EndProject
Project("{9A19103F-16F7-4668-BE54-9A1E7A4F7556}") = "T1", "T1\T1.csproj", "{A3D7AAE3-8ADF-455F-AAF4-56F79F52E3A0}"
EndProject
Project("{9A19103F-16F7-4668-BE54-9A1E7A4F7556}") = "T2", "T2\T2.csproj", "{E8A10222-8878-4AEC-88E3-F2E4066F2F19}"
EndProject
Project("{9A19103F-16F7-4668-BE54-9A1E7A4F7556}") = "T3", "T3\T3.csproj", "{86127647-3C9E-4F79-A17E-ECA72601785F}"
EndProject
Project("{9A19103F-16F7-4668-BE54-9A1E7A4F7556}") = "T4", "T4\T4.csproj", "{F6CAFC4B-1064-4793-8DB4-64EBBB3BDCE4}"
EndProject
Global
	GlobalSection(SolutionConfigurationPlatforms) = preSolution
		Debug|Any CPU = Debug|Any CPU
		Release|Any CPU = Release|Any CPU
	EndGlobalSection
	GlobalSection(ProjectConfigurationPlatforms) = postSolution
		{092DFCBB-AAB5-41C4-92B5-01F20773E61C}.Debug|Any CPU.ActiveCfg = Debug|Any CPU
		{092DFCBB-AAB5-41C4-92B5-01F20773E61C}.Debug|Any CPU.Build.0 = Debug|Any CPU
		{092DFCBB-AAB5-41C4-92B5-01F20773E61C}.Release|Any CPU.ActiveCfg = Release|Any CPU
		{092DFCBB-AAB5-41C4-92B5-01F20773E61C}.Release|Any CPU.Build.0 = Release|Any CPU
		{A3D7AAE3-8ADF-455F-AAF4-56F79F52E3A0}.Debug|Any CPU.ActiveCfg = Debug|Any CPU
		{A3D7AAE3-8ADF-455F-AAF4-56F79F52E3A0}.Debug|Any CPU.Build.0 = Debug|Any CPU
		{A3D7AAE3-8ADF-455F-AAF4-56F79F52E3A0}.Release|Any CPU.ActiveCfg = Release|Any CPU
		{A3D7AAE3-8ADF-455F-AAF4-56F79F52E3A0}.Release|Any CPU.Build.0 = Release|Any CPU
		{E8A10222-8878-4AEC-88E3-F2E4066F2F19}.Debug|Any CPU.ActiveCfg = Debug|Any CPU
		{E8A10222-8878-4AEC-88E3-F2E4066F2F19}.Debug|Any CPU.Build.0 = Debug|Any CPU
		{E8A10222-8878-4AEC-88E3-F2E4066F2F19}.Release|Any CPU.ActiveCfg = Release|Any CPU
		{E8A10222-8878-4AEC-88E3-F2E4066F2F19}.Release|Any CPU.Build.0 = Release|Any CPU
		{86127647-3C9E-4F79-A17E-ECA72601785F}.Debug|Any CPU.ActiveCfg = Debug|Any CPU
		{86127647-3C9E-4F79-A17E-ECA72601785F}.Debug|Any CPU.Build.0 = Debug|Any CPU
		{86127647-3C9E-4F79-A17E-ECA72601785F}.Release|Any CPU.ActiveCfg = Release|Any CPU
		{86127647-3C9E-4F79-A17E-ECA72601785F}.Release|Any CPU.Build.0 = Release|Any CPU
		{F6CAFC4B-1064-4793-8DB4-64EBBB3BDCE4}.Debug|Any CPU.ActiveCfg = Debug|Any CPU
		{F6CAFC4B-1064-4793-8DB4-64EBBB3BDCE4}.Debug|Any CPU.Build.0 = Debug|Any CPU
		{F6CAFC4B-1064-4793-8DB4-64EBBB3BDCE4}.Release|Any CPU.ActiveCfg = Release|Any CPU
		{F6CAFC4B-1064-4793-8DB4-64EBBB3BDCE4}.Release|Any CPU.Build.0 = Release|Any CPU
	EndGlobalSection
	GlobalSection(SolutionProperties) = preSolution
		HideSolutionNode = FALSE
	EndGlobalSection
	GlobalSection(ExtensibilityGlobals) = postSolution
		SolutionGuid = {8BE314E1-ECAD-45C6-A057-63C6E0FD8400}
	EndGlobalSection
EndGlobal
